
Microsoft Visual Studio Solution File, Format Version 12.00
# Visual Studio Version 17
VisualStudioVersion = 17.4.33205.214
MinimumVisualStudioVersion = 10.0.40219.1
Project("{FAE04EC0-301F-11D3-BF4B-00C04F79EFBC}") = "WindowsFormsApp1", "WindowsFormsApp1.csproj", "{8D8600BD-62E1-42A7-A821-C7138A10BA51}"
EndProject
Global
	GlobalSection(SolutionConfigurationPlatforms) = preSolution
		Debug|Any CPU = Debug|Any CPU
		Release|Any CPU = Release|Any CPU
	EndGlobalSection
	GlobalSection(ProjectConfigurationPlatforms) = postSolution
		{8D8600BD-62E1-42A7-A821-C7138A10BA51}.Debug|Any CPU.ActiveCfg = Debug|Any CPU
		{8D8600BD-62E1-42A7-A821-C7138A10BA51}.Debug|Any CPU.Build.0 = Debug|Any CPU
		{8D8600BD-62E1-42A7-A821-C7138A10BA51}.Release|Any CPU.ActiveCfg = Release|Any CPU
		{8D8600BD-62E1-42A7-A821-C7138A10BA51}.Release|Any CPU.Build.0 = Release|Any CPU
	EndGlobalSection
	GlobalSection(SolutionProperties) = preSolution
		HideSolutionNode = FALSE
	EndGlobalSection
	GlobalSection(ExtensibilityGlobals) = postSolution
		SolutionGuid = {9EAF450F-C938-450F-8006-8D834EB4376A}
	EndGlobalSection
EndGlobal
